[root]
name = "pgclir"
version = "0.1.0"
dependencies = [
 "postgres 0.15.1 (registry+https://github.com/rust-lang/crates.io-index)",
 "prettytable-rs 0.6.7 (registry+https://github.com/rust-lang/crates.io-index)",
 "r2d2 0.7.3 (registry+https://github.com/rust-lang/crates.io-index)",
 "r2d2_postgres 0.13.0 (registry+https://github.com/rust-lang/crates.io-index)",
 "rpassword 1.0.2 (registry+https://github.com/rust-lang/crates.io-index)",
]

[[package]]
name = "antidote"
version = "1.0.0"
source = "registry+https://github.com/rust-lang/crates.io-index"

[[package]]
name = "atty"
version = "0.2.2"
source = "registry+https://github.com/rust-lang/crates.io-index"
dependencies = [
 "kernel32-sys 0.2.2 (registry+https://github.com/rust-lang/crates.io-index)",
 "libc 0.2.30 (registry+https://github.com/rust-lang/crates.io-index)",
 "winapi 0.2.8 (registry+https://github.com/rust-lang/crates.io-index)",
]

[[package]]
name = "base64"
version = "0.5.2"
source = "registry+https://github.com/rust-lang/crates.io-index"
dependencies = [
 "byteorder 1.1.0 (registry+https://github.com/rust-lang/crates.io-index)",
]

[[package]]
name = "bitflags"
version = "0.7.0"
source = "registry+https://github.com/rust-lang/crates.io-index"

[[package]]
name = "byte-tools"
version = "0.1.3"
source = "registry+https://github.com/rust-lang/crates.io-index"

[[package]]
name = "byteorder"
version = "1.1.0"
source = "registry+https://github.com/rust-lang/crates.io-index"

[[package]]
name = "bytes"
version = "0.4.5"
source = "registry+https://github.com/rust-lang/crates.io-index"
dependencies = [
 "byteorder 1.1.0 (registry+https://github.com/rust-lang/crates.io-index)",
 "iovec 0.1.0 (registry+https://github.com/rust-lang/crates.io-index)",
]

[[package]]
name = "chrono"
version = "0.4.0"
source = "registry+https://github.com/rust-lang/crates.io-index"
dependencies = [
 "num 0.1.40 (registry+https://github.com/rust-lang/crates.io-index)",
 "time 0.1.38 (registry+https://github.com/rust-lang/crates.io-index)",
]

[[package]]
name = "constant_time_eq"
version = "0.1.3"
source = "registry+https://github.com/rust-lang/crates.io-index"

[[package]]
name = "conv"
version = "0.3.3"
source = "registry+https://github.com/rust-lang/crates.io-index"
dependencies = [
 "custom_derive 0.1.7 (registry+https://github.com/rust-lang/crates.io-index)",
]

[[package]]
name = "crypto-mac"
version = "0.3.0"
source = "registry+https://github.com/rust-lang/crates.io-index"
dependencies = [
 "constant_time_eq 0.1.3 (registry+https://github.com/rust-lang/crates.io-index)",
 "generic-array 0.7.2 (registry+https://github.com/rust-lang/crates.io-index)",
]

[[package]]
name = "csv"
version = "0.15.0"
source = "registry+https://github.com/rust-lang/crates.io-index"
dependencies = [
 "byteorder 1.1.0 (registry+https://github.com/rust-lang/crates.io-index)",
 "memchr 1.0.1 (registry+https://github.com/rust-lang/crates.io-index)",
 "rustc-serialize 0.3.24 (registry+https://github.com/rust-lang/crates.io-index)",
]

[[package]]
name = "custom_derive"
version = "0.1.7"
source = "registry+https://github.com/rust-lang/crates.io-index"

[[package]]
name = "digest"
version = "0.5.2"
source = "registry+https://github.com/rust-lang/crates.io-index"
dependencies = [
 "generic-array 0.7.2 (registry+https://github.com/rust-lang/crates.io-index)",
]

[[package]]
name = "digest-buffer"
version = "0.3.1"
source = "registry+https://github.com/rust-lang/crates.io-index"
dependencies = [
 "byte-tools 0.1.3 (registry+https://github.com/rust-lang/crates.io-index)",
 "generic-array 0.7.2 (registry+https://github.com/rust-lang/crates.io-index)",
]

[[package]]
name = "encode_unicode"
version = "0.3.1"
source = "registry+https://github.com/rust-lang/crates.io-index"

[[package]]
name = "fake-simd"
version = "0.1.2"
source = "registry+https://github.com/rust-lang/crates.io-index"

[[package]]
name = "fallible-iterator"
version = "0.1.3"
source = "registry+https://github.com/rust-lang/crates.io-index"

[[package]]
name = "generic-array"
version = "0.7.2"
source = "registry+https://github.com/rust-lang/crates.io-index"
dependencies = [
 "nodrop 0.1.9 (registry+https://github.com/rust-lang/crates.io-index)",
 "typenum 1.5.2 (registry+https://github.com/rust-lang/crates.io-index)",
]

[[package]]
name = "hex"
version = "0.2.0"
source = "registry+https://github.com/rust-lang/crates.io-index"

[[package]]
name = "hmac"
version = "0.1.1"
source = "registry+https://github.com/rust-lang/crates.io-index"
dependencies = [
 "crypto-mac 0.3.0 (registry+https://github.com/rust-lang/crates.io-index)",
 "digest 0.5.2 (registry+https://github.com/rust-lang/crates.io-index)",
 "generic-array 0.7.2 (registry+https://github.com/rust-lang/crates.io-index)",
]

[[package]]
name = "iovec"
version = "0.1.0"
source = "registry+https://github.com/rust-lang/crates.io-index"
dependencies = [
 "libc 0.2.30 (registry+https://github.com/rust-lang/crates.io-index)",
 "winapi 0.2.8 (registry+https://github.com/rust-lang/crates.io-index)",
]

[[package]]
name = "kernel32-sys"
version = "0.2.2"
source = "registry+https://github.com/rust-lang/crates.io-index"
dependencies = [
 "winapi 0.2.8 (registry+https://github.com/rust-lang/crates.io-index)",
 "winapi-build 0.1.1 (registry+https://github.com/rust-lang/crates.io-index)",
]

[[package]]
name = "lazy_static"
version = "0.2.8"
source = "registry+https://github.com/rust-lang/crates.io-index"

[[package]]
name = "libc"
version = "0.2.30"
source = "registry+https://github.com/rust-lang/crates.io-index"

[[package]]
name = "log"
version = "0.3.8"
source = "registry+https://github.com/rust-lang/crates.io-index"

[[package]]
name = "magenta"
version = "0.1.1"
source = "registry+https://github.com/rust-lang/crates.io-index"
dependencies = [
 "conv 0.3.3 (registry+https://github.com/rust-lang/crates.io-index)",
 "magenta-sys 0.1.1 (registry+https://github.com/rust-lang/crates.io-index)",
]

[[package]]
name = "magenta-sys"
version = "0.1.1"
source = "registry+https://github.com/rust-lang/crates.io-index"
dependencies = [
 "bitflags 0.7.0 (registry+https://github.com/rust-lang/crates.io-index)",
]

[[package]]
name = "matches"
version = "0.1.6"
source = "registry+https://github.com/rust-lang/crates.io-index"

[[package]]
name = "md5"
version = "0.3.5"
source = "registry+https://github.com/rust-lang/crates.io-index"

[[package]]
name = "memchr"
version = "1.0.1"
source = "registry+https://github.com/rust-lang/crates.io-index"
dependencies = [
 "libc 0.2.30 (registry+https://github.com/rust-lang/crates.io-index)",
]

[[package]]
name = "nodrop"
version = "0.1.9"
source = "registry+https://github.com/rust-lang/crates.io-index"
dependencies = [
 "odds 0.2.25 (registry+https://github.com/rust-lang/crates.io-index)",
]

[[package]]
name = "num"
version = "0.1.40"
source = "registry+https://github.com/rust-lang/crates.io-index"
dependencies = [
 "num-integer 0.1.35 (registry+https://github.com/rust-lang/crates.io-index)",
 "num-iter 0.1.34 (registry+https://github.com/rust-lang/crates.io-index)",
 "num-traits 0.1.40 (registry+https://github.com/rust-lang/crates.io-index)",
]

[[package]]
name = "num-integer"
version = "0.1.35"
source = "registry+https://github.com/rust-lang/crates.io-index"
dependencies = [
 "num-traits 0.1.40 (registry+https://github.com/rust-lang/crates.io-index)",
]

[[package]]
name = "num-iter"
version = "0.1.34"
source = "registry+https://github.com/rust-lang/crates.io-index"
dependencies = [
 "num-integer 0.1.35 (registry+https://github.com/rust-lang/crates.io-index)",
 "num-traits 0.1.40 (registry+https://github.com/rust-lang/crates.io-index)",
]

[[package]]
name = "num-traits"
version = "0.1.40"
source = "registry+https://github.com/rust-lang/crates.io-index"

[[package]]
name = "odds"
version = "0.2.25"
source = "registry+https://github.com/rust-lang/crates.io-index"

[[package]]
name = "phf"
version = "0.7.21"
source = "registry+https://github.com/rust-lang/crates.io-index"
dependencies = [
 "phf_shared 0.7.21 (registry+https://github.com/rust-lang/crates.io-index)",
]

[[package]]
name = "phf_shared"
version = "0.7.21"
source = "registry+https://github.com/rust-lang/crates.io-index"
dependencies = [
 "siphasher 0.2.2 (registry+https://github.com/rust-lang/crates.io-index)",
]

[[package]]
name = "postgres"
version = "0.15.1"
source = "registry+https://github.com/rust-lang/crates.io-index"
dependencies = [
 "bytes 0.4.5 (registry+https://github.com/rust-lang/crates.io-index)",
 "fallible-iterator 0.1.3 (registry+https://github.com/rust-lang/crates.io-index)",
 "log 0.3.8 (registry+https://github.com/rust-lang/crates.io-index)",
 "postgres-protocol 0.3.0 (registry+https://github.com/rust-lang/crates.io-index)",
 "postgres-shared 0.4.0 (registry+https://github.com/rust-lang/crates.io-index)",
]

[[package]]
name = "postgres-protocol"
version = "0.3.0"
source = "registry+https://github.com/rust-lang/crates.io-index"
dependencies = [
 "base64 0.5.2 (registry+https://github.com/rust-lang/crates.io-index)",
 "byteorder 1.1.0 (registry+https://github.com/rust-lang/crates.io-index)",
 "bytes 0.4.5 (registry+https://github.com/rust-lang/crates.io-index)",
 "fallible-iterator 0.1.3 (registry+https://github.com/rust-lang/crates.io-index)",
 "generic-array 0.7.2 (registry+https://github.com/rust-lang/crates.io-index)",
 "hmac 0.1.1 (registry+https://github.com/rust-lang/crates.io-index)",
 "md5 0.3.5 (registry+https://github.com/rust-lang/crates.io-index)",
 "memchr 1.0.1 (registry+https://github.com/rust-lang/crates.io-index)",
 "rand 0.3.16 (registry+https://github.com/rust-lang/crates.io-index)",
 "sha2 0.5.3 (registry+https://github.com/rust-lang/crates.io-index)",
 "stringprep 0.1.2 (registry+https://github.com/rust-lang/crates.io-index)",
]

[[package]]
name = "postgres-shared"
version = "0.4.0"
source = "registry+https://github.com/rust-lang/crates.io-index"
dependencies = [
 "chrono 0.4.0 (registry+https://github.com/rust-lang/crates.io-index)",
 "fallible-iterator 0.1.3 (registry+https://github.com/rust-lang/crates.io-index)",
 "hex 0.2.0 (registry+https://github.com/rust-lang/crates.io-index)",
 "phf 0.7.21 (registry+https://github.com/rust-lang/crates.io-index)",
 "postgres-protocol 0.3.0 (registry+https://github.com/rust-lang/crates.io-index)",
]

[[package]]
name = "prettytable-rs"
version = "0.6.7"
source = "registry+https://github.com/rust-lang/crates.io-index"
dependencies = [
 "atty 0.2.2 (registry+https://github.com/rust-lang/crates.io-index)",
 "csv 0.15.0 (registry+https://github.com/rust-lang/crates.io-index)",
 "encode_unicode 0.3.1 (registry+https://github.com/rust-lang/crates.io-index)",
 "lazy_static 0.2.8 (registry+https://github.com/rust-lang/crates.io-index)",
 "term 0.4.6 (registry+https://github.com/rust-lang/crates.io-index)",
 "unicode-width 0.1.4 (registry+https://github.com/rust-lang/crates.io-index)",
]

[[package]]
name = "r2d2"
version = "0.7.3"
source = "registry+https://github.com/rust-lang/crates.io-index"
dependencies = [
 "antidote 1.0.0 (registry+https://github.com/rust-lang/crates.io-index)",
 "log 0.3.8 (registry+https://github.com/rust-lang/crates.io-index)",
 "scheduled-thread-pool 0.1.0 (registry+https://github.com/rust-lang/crates.io-index)",
]

[[package]]
name = "r2d2_postgres"
version = "0.13.0"
source = "registry+https://github.com/rust-lang/crates.io-index"
dependencies = [
 "postgres 0.15.1 (registry+https://github.com/rust-lang/crates.io-index)",
 "postgres-shared 0.4.0 (registry+https://github.com/rust-lang/crates.io-index)",
 "r2d2 0.7.3 (registry+https://github.com/rust-lang/crates.io-index)",
]

[[package]]
name = "rand"
version = "0.3.16"
source = "registry+https://github.com/rust-lang/crates.io-index"
dependencies = [
 "libc 0.2.30 (registry+https://github.com/rust-lang/crates.io-index)",
 "magenta 0.1.1 (registry+https://github.com/rust-lang/crates.io-index)",
]

[[package]]
name = "redox_syscall"
version = "0.1.31"
source = "registry+https://github.com/rust-lang/crates.io-index"

[[package]]
name = "rpassword"
version = "1.0.2"
source = "registry+https://github.com/rust-lang/crates.io-index"
dependencies = [
 "kernel32-sys 0.2.2 (registry+https://github.com/rust-lang/crates.io-index)",
 "libc 0.2.30 (registry+https://github.com/rust-lang/crates.io-index)",
 "rprompt 1.0.3 (registry+https://github.com/rust-lang/crates.io-index)",
 "winapi 0.2.8 (registry+https://github.com/rust-lang/crates.io-index)",
]

[[package]]
name = "rprompt"
version = "1.0.3"
source = "registry+https://github.com/rust-lang/crates.io-index"

[[package]]
name = "rustc-serialize"
version = "0.3.24"
source = "registry+https://github.com/rust-lang/crates.io-index"

[[package]]
name = "scheduled-thread-pool"
version = "0.1.0"
source = "registry+https://github.com/rust-lang/crates.io-index"
dependencies = [
 "antidote 1.0.0 (registry+https://github.com/rust-lang/crates.io-index)",
]

[[package]]
name = "sha2"
version = "0.5.3"
source = "registry+https://github.com/rust-lang/crates.io-index"
dependencies = [
 "byte-tools 0.1.3 (registry+https://github.com/rust-lang/crates.io-index)",
 "digest 0.5.2 (registry+https://github.com/rust-lang/crates.io-index)",
 "digest-buffer 0.3.1 (registry+https://github.com/rust-lang/crates.io-index)",
 "fake-simd 0.1.2 (registry+https://github.com/rust-lang/crates.io-index)",
 "generic-array 0.7.2 (registry+https://github.com/rust-lang/crates.io-index)",
]

[[package]]
name = "siphasher"
version = "0.2.2"
source = "registry+https://github.com/rust-lang/crates.io-index"

[[package]]
name = "stringprep"
version = "0.1.2"
source = "registry+https://github.com/rust-lang/crates.io-index"
dependencies = [
 "unicode-bidi 0.3.4 (registry+https://github.com/rust-lang/crates.io-index)",
 "unicode-normalization 0.1.5 (registry+https://github.com/rust-lang/crates.io-index)",
]

[[package]]
name = "term"
version = "0.4.6"
source = "registry+https://github.com/rust-lang/crates.io-index"
dependencies = [
 "kernel32-sys 0.2.2 (registry+https://github.com/rust-lang/crates.io-index)",
 "winapi 0.2.8 (registry+https://github.com/rust-lang/crates.io-index)",
]

[[package]]
name = "time"
version = "0.1.38"
source = "registry+https://github.com/rust-lang/crates.io-index"
dependencies = [
 "kernel32-sys 0.2.2 (registry+https://github.com/rust-lang/crates.io-index)",
 "libc 0.2.30 (registry+https://github.com/rust-lang/crates.io-index)",
 "redox_syscall 0.1.31 (registry+https://github.com/rust-lang/crates.io-index)",
 "winapi 0.2.8 (registry+https://github.com/rust-lang/crates.io-index)",
]

[[package]]
name = "typenum"
version = "1.5.2"
source = "registry+https://github.com/rust-lang/crates.io-index"

[[package]]
name = "unicode-bidi"
version = "0.3.4"
source = "registry+https://github.com/rust-lang/crates.io-index"
dependencies = [
 "matches 0.1.6 (registry+https://github.com/rust-lang/crates.io-index)",
]

[[package]]
name = "unicode-normalization"
version = "0.1.5"
source = "registry+https://github.com/rust-lang/crates.io-index"

[[package]]
name = "unicode-width"
version = "0.1.4"
source = "registry+https://github.com/rust-lang/crates.io-index"

[[package]]
name = "winapi"
version = "0.2.8"
source = "registry+https://github.com/rust-lang/crates.io-index"

[[package]]
name = "winapi-build"
version = "0.1.1"
source = "registry+https://github.com/rust-lang/crates.io-index"

[metadata]
"checksum antidote 1.0.0 (registry+https://github.com/rust-lang/crates.io-index)" = "34fde25430d87a9388dadbe6e34d7f72a462c8b43ac8d309b42b0a8505d7e2a5"
"checksum atty 0.2.2 (registry+https://github.com/rust-lang/crates.io-index)" = "d912da0db7fa85514874458ca3651fe2cddace8d0b0505571dbdcd41ab490159"
"checksum base64 0.5.2 (registry+https://github.com/rust-lang/crates.io-index)" = "30e93c03064e7590d0466209155251b90c22e37fab1daf2771582598b5827557"
"checksum bitflags 0.7.0 (registry+https://github.com/rust-lang/crates.io-index)" = "aad18937a628ec6abcd26d1489012cc0e18c21798210f491af69ded9b881106d"
"checksum byte-tools 0.1.3 (registry+https://github.com/rust-lang/crates.io-index)" = "0919189ba800c7ffe8778278116b7e0de3905ab81c72abb69c85cbfef7991279"
"checksum byteorder 1.1.0 (registry+https://github.com/rust-lang/crates.io-index)" = "ff81738b726f5d099632ceaffe7fb65b90212e8dce59d518729e7e8634032d3d"
"checksum bytes 0.4.5 (registry+https://github.com/rust-lang/crates.io-index)" = "d828f97b58cc5de3e40c421d0cf2132d6b2da4ee0e11b8632fa838f0f9333ad6"
"checksum chrono 0.4.0 (registry+https://github.com/rust-lang/crates.io-index)" = "7c20ebe0b2b08b0aeddba49c609fe7957ba2e33449882cb186a180bc60682fa9"
"checksum constant_time_eq 0.1.3 (registry+https://github.com/rust-lang/crates.io-index)" = "8ff012e225ce166d4422e0e78419d901719760f62ae2b7969ca6b564d1b54a9e"
"checksum conv 0.3.3 (registry+https://github.com/rust-lang/crates.io-index)" = "78ff10625fd0ac447827aa30ea8b861fead473bb60aeb73af6c1c58caf0d1299"
"checksum crypto-mac 0.3.0 (registry+https://github.com/rust-lang/crates.io-index)" = "dba62c86c26dcba13c278afcaac0c7452486fe604a2668a0dfa4e0edc98d8a9e"
"checksum csv 0.15.0 (registry+https://github.com/rust-lang/crates.io-index)" = "7ef22b37c7a51c564a365892c012dc0271221fdcc64c69b19ba4d6fa8bd96d9c"
"checksum custom_derive 0.1.7 (registry+https://github.com/rust-lang/crates.io-index)" = "ef8ae57c4978a2acd8b869ce6b9ca1dfe817bff704c220209fdef2c0b75a01b9"
"checksum digest 0.5.2 (registry+https://github.com/rust-lang/crates.io-index)" = "7a68d759d7a66a4f63d5bd2a2b14ad7e8cf93fe8c9be227031cd4e72ab0e9ee8"
"checksum digest-buffer 0.3.1 (registry+https://github.com/rust-lang/crates.io-index)" = "4eb92364e9f6d3da159257250532d448b218406d2acb149f724e8f48e9f5cb9a"
"checksum encode_unicode 0.3.1 (registry+https://github.com/rust-lang/crates.io-index)" = "c088ec0ed2282dcd054f2c124c0327f953563e6c75fdc6ff5141779596289830"
"checksum fake-simd 0.1.2 (registry+https://github.com/rust-lang/crates.io-index)" = "e88a8acf291dafb59c2d96e8f59828f3838bb1a70398823ade51a84de6a6deed"
"checksum fallible-iterator 0.1.3 (registry+https://github.com/rust-lang/crates.io-index)" = "5d48ab1bc11a086628e8cc0cc2c2dc200b884ac05c4b48fb71d6036b6999ff1d"
"checksum generic-array 0.7.2 (registry+https://github.com/rust-lang/crates.io-index)" = "330920f60726e8a1ca0129a40f0f0df0b8ee773945bf34895d578f35f31dc660"
"checksum hex 0.2.0 (registry+https://github.com/rust-lang/crates.io-index)" = "d6a22814455d41612f41161581c2883c0c6a1c41852729b17d5ed88f01e153aa"
"checksum hmac 0.1.1 (registry+https://github.com/rust-lang/crates.io-index)" = "bdb5aa9647ba4711e9d6968dc1c810cd23989ed435443ca962e1bf6d8b8b83ff"
"checksum iovec 0.1.0 (registry+https://github.com/rust-lang/crates.io-index)" = "29d062ee61fccdf25be172e70f34c9f6efc597e1fb8f6526e8437b2046ab26be"
"checksum kernel32-sys 0.2.2 (registry+https://github.com/rust-lang/crates.io-index)" = "7507624b29483431c0ba2d82aece8ca6cdba9382bff4ddd0f7490560c056098d"
"checksum lazy_static 0.2.8 (registry+https://github.com/rust-lang/crates.io-index)" = "3b37545ab726dd833ec6420aaba8231c5b320814b9029ad585555d2a03e94fbf"
"checksum libc 0.2.30 (registry+https://github.com/rust-lang/crates.io-index)" = "2370ca07ec338939e356443dac2296f581453c35fe1e3a3ed06023c49435f915"
"checksum log 0.3.8 (registry+https://github.com/rust-lang/crates.io-index)" = "880f77541efa6e5cc74e76910c9884d9859683118839d6a1dc3b11e63512565b"
"checksum magenta 0.1.1 (registry+https://github.com/rust-lang/crates.io-index)" = "4bf0336886480e671965f794bc9b6fce88503563013d1bfb7a502c81fe3ac527"
"checksum magenta-sys 0.1.1 (registry+https://github.com/rust-lang/crates.io-index)" = "40d014c7011ac470ae28e2f76a02bfea4a8480f73e701353b49ad7a8d75f4699"
"checksum matches 0.1.6 (registry+https://github.com/rust-lang/crates.io-index)" = "100aabe6b8ff4e4a7e32c1c13523379802df0772b82466207ac25b013f193376"
"checksum md5 0.3.5 (registry+https://github.com/rust-lang/crates.io-index)" = "11f2f3240857d306c26118e2e92a5eaf8990df379e3d96573ee6c92cdbf58a81"
"checksum memchr 1.0.1 (registry+https://github.com/rust-lang/crates.io-index)" = "1dbccc0e46f1ea47b9f17e6d67c5a96bd27030519c519c9c91327e31275a47b4"
"checksum nodrop 0.1.9 (registry+https://github.com/rust-lang/crates.io-index)" = "52cd74cd09beba596430cc6e3091b74007169a56246e1262f0ba451ea95117b2"
"checksum num 0.1.40 (registry+https://github.com/rust-lang/crates.io-index)" = "a311b77ebdc5dd4cf6449d81e4135d9f0e3b153839ac90e648a8ef538f923525"
"checksum num-integer 0.1.35 (registry+https://github.com/rust-lang/crates.io-index)" = "d1452e8b06e448a07f0e6ebb0bb1d92b8890eea63288c0b627331d53514d0fba"
"checksum num-iter 0.1.34 (registry+https://github.com/rust-lang/crates.io-index)" = "7485fcc84f85b4ecd0ea527b14189281cf27d60e583ae65ebc9c088b13dffe01"
"checksum num-traits 0.1.40 (registry+https://github.com/rust-lang/crates.io-index)" = "99843c856d68d8b4313b03a17e33c4bb42ae8f6610ea81b28abe076ac721b9b0"
"checksum odds 0.2.25 (registry+https://github.com/rust-lang/crates.io-index)" = "c3df9b730298cea3a1c3faa90b7e2f9df3a9c400d0936d6015e6165734eefcba"
"checksum phf 0.7.21 (registry+https://github.com/rust-lang/crates.io-index)" = "cb325642290f28ee14d8c6201159949a872f220c62af6e110a56ea914fbe42fc"
"checksum phf_shared 0.7.21 (registry+https://github.com/rust-lang/crates.io-index)" = "07e24b0ca9643bdecd0632f2b3da6b1b89bbb0030e0b992afc1113b23a7bc2f2"
"checksum postgres 0.15.1 (registry+https://github.com/rust-lang/crates.io-index)" = "6e6dbad8297d43a1319817c45c43fd2cfd6a148767f51baedcdce732635c6526"
"checksum postgres-protocol 0.3.0 (registry+https://github.com/rust-lang/crates.io-index)" = "685d511cb92a2b534de8e698ad0e72372032093809dd8bd138b171102a92fb5b"
"checksum postgres-shared 0.4.0 (registry+https://github.com/rust-lang/crates.io-index)" = "22fcb88c55471615fea5217b41ab59df5a00665edb4e92f67c35119b7e8948ed"
"checksum prettytable-rs 0.6.7 (registry+https://github.com/rust-lang/crates.io-index)" = "34dc1f4f6dddab3bf008ecfd4fd2a631b585fbf0af123f34c1324f51a034ff5f"
"checksum r2d2 0.7.3 (registry+https://github.com/rust-lang/crates.io-index)" = "6c665a538b218e1620093be6643b375d3321837bfc1b30aa18757b7c6546d2ca"
"checksum r2d2_postgres 0.13.0 (registry+https://github.com/rust-lang/crates.io-index)" = "1f8b19a6ea63676566dd11085217fed98866ca833cea7f6f29be8c2244e0560e"
"checksum rand 0.3.16 (registry+https://github.com/rust-lang/crates.io-index)" = "eb250fd207a4729c976794d03db689c9be1d634ab5a1c9da9492a13d8fecbcdf"
"checksum redox_syscall 0.1.31 (registry+https://github.com/rust-lang/crates.io-index)" = "8dde11f18c108289bef24469638a04dce49da56084f2d50618b226e47eb04509"
"checksum rpassword 1.0.2 (registry+https://github.com/rust-lang/crates.io-index)" = "b273c91bd242ca03ad6d71c143b6f17a48790e61f21a6c78568fa2b6774a24a4"
"checksum rprompt 1.0.3 (registry+https://github.com/rust-lang/crates.io-index)" = "1601f32bc5858aae3cbfa1c645c96c4d820cc5c16be0194f089560c00b6eb625"
"checksum rustc-serialize 0.3.24 (registry+https://github.com/rust-lang/crates.io-index)" = "dcf128d1287d2ea9d80910b5f1120d0b8eede3fbf1abe91c40d39ea7d51e6fda"
"checksum scheduled-thread-pool 0.1.0 (registry+https://github.com/rust-lang/crates.io-index)" = "2d9fbe48ead32343b76f544c85953bf260ed39219a8bbbb62cd85f6a00f9644f"
"checksum sha2 0.5.3 (registry+https://github.com/rust-lang/crates.io-index)" = "84920f9ac881e94e33ec89e1b3dcd36040523a308a92548e01217ce35d8cf6a8"
"checksum siphasher 0.2.2 (registry+https://github.com/rust-lang/crates.io-index)" = "0df90a788073e8d0235a67e50441d47db7c8ad9debd91cbf43736a2a92d36537"
"checksum stringprep 0.1.2 (registry+https://github.com/rust-lang/crates.io-index)" = "8ee348cb74b87454fff4b551cbf727025810a004f88aeacae7f85b87f4e9a1c1"
"checksum term 0.4.6 (registry+https://github.com/rust-lang/crates.io-index)" = "fa63644f74ce96fbeb9b794f66aff2a52d601cbd5e80f4b97123e3899f4570f1"
"checksum time 0.1.38 (registry+https://github.com/rust-lang/crates.io-index)" = "d5d788d3aa77bc0ef3e9621256885555368b47bd495c13dd2e7413c89f845520"
"checksum typenum 1.5.2 (registry+https://github.com/rust-lang/crates.io-index)" = "7242a7857c31d13620847d78af39ecac8d6c90aac23286e84aefe624c77c9c14"
"checksum unicode-bidi 0.3.4 (registry+https://github.com/rust-lang/crates.io-index)" = "49f2bd0c6468a8230e1db229cff8029217cf623c767ea5d60bfbd42729ea54d5"
"checksum unicode-normalization 0.1.5 (registry+https://github.com/rust-lang/crates.io-index)" = "51ccda9ef9efa3f7ef5d91e8f9b83bbe6955f9bf86aec89d5cce2c874625920f"
"checksum unicode-width 0.1.4 (registry+https://github.com/rust-lang/crates.io-index)" = "bf3a113775714a22dcb774d8ea3655c53a32debae63a063acc00a91cc586245f"
"checksum winapi 0.2.8 (registry+https://github.com/rust-lang/crates.io-index)" = "167dc9d6949a9b857f3451275e911c3f44255842c1f7a76f33c55103a909087a"
"checksum winapi-build 0.1.1 (registry+https://github.com/rust-lang/crates.io-index)" = "2d315eee3b34aca4797b2da6b13ed88266e6d612562a0c46390af8299fc699bc"
